
Microsoft Visual Studio Solution File, Format Version 12.00
# Visual Studio 15
VisualStudioVersion = 15.0.27323.2
MinimumVisualStudioVersion = 10.0.40219.1
Project("{2150E333-8FDC-42A3-9474-1A3956D46DE8}") = "001-PoC-AzureHybrid", "001-PoC-AzureHybrid", "{DAE832DA-A73C-4B0F-9068-68D1757BAF55}"
EndProject
Project("{151D2E53-A2C4-4D7D-83FE-D05416EBD58E}") = "001-Deploy", "001-Deploy\001-Deploy.deployproj", "{2EB392BB-EE26-466D-8D28-CFDABF025954}"
EndProject
Project("{888888A0-9F3D-457C-B088-3A5042F75D52}") = "001-DataService", "001-DataService\001-DataService.pyproj", "{5A7F4750-A29D-47AE-B1B3-D7339E9A8F17}"
EndProject
Project("{FAE04EC0-301F-11D3-BF4B-00C04F79EFBC}") = "DataServiceTestClient", "001-DataServiceTestClient\DataServiceTestClient.csproj", "{4A427A93-2177-46DA-AEE1-1F7BFD051687}"
EndProject
Global
	GlobalSection(SolutionConfigurationPlatforms) = preSolution
		Debug|Any CPU = Debug|Any CPU
		Release|Any CPU = Release|Any CPU
	EndGlobalSection
	GlobalSection(ProjectConfigurationPlatforms) = postSolution
		{2EB392BB-EE26-466D-8D28-CFDABF025954}.Debug|Any CPU.ActiveCfg = Debug|Any CPU
		{2EB392BB-EE26-466D-8D28-CFDABF025954}.Debug|Any CPU.Build.0 = Debug|Any CPU
		{2EB392BB-EE26-466D-8D28-CFDABF025954}.Release|Any CPU.ActiveCfg = Release|Any CPU
		{2EB392BB-EE26-466D-8D28-CFDABF025954}.Release|Any CPU.Build.0 = Release|Any CPU
		{5A7F4750-A29D-47AE-B1B3-D7339E9A8F17}.Debug|Any CPU.ActiveCfg = Debug|Any CPU
		{5A7F4750-A29D-47AE-B1B3-D7339E9A8F17}.Release|Any CPU.ActiveCfg = Release|Any CPU
		{4A427A93-2177-46DA-AEE1-1F7BFD051687}.Debug|Any CPU.ActiveCfg = Debug|Any CPU
		{4A427A93-2177-46DA-AEE1-1F7BFD051687}.Debug|Any CPU.Build.0 = Debug|Any CPU
		{4A427A93-2177-46DA-AEE1-1F7BFD051687}.Release|Any CPU.ActiveCfg = Release|Any CPU
		{4A427A93-2177-46DA-AEE1-1F7BFD051687}.Release|Any CPU.Build.0 = Release|Any CPU
	EndGlobalSection
	GlobalSection(SolutionProperties) = preSolution
		HideSolutionNode = FALSE
	EndGlobalSection
	GlobalSection(NestedProjects) = preSolution
		{2EB392BB-EE26-466D-8D28-CFDABF025954} = {DAE832DA-A73C-4B0F-9068-68D1757BAF55}
		{5A7F4750-A29D-47AE-B1B3-D7339E9A8F17} = {DAE832DA-A73C-4B0F-9068-68D1757BAF55}
		{4A427A93-2177-46DA-AEE1-1F7BFD051687} = {DAE832DA-A73C-4B0F-9068-68D1757BAF55}
	EndGlobalSection
	GlobalSection(ExtensibilityGlobals) = postSolution
		SolutionGuid = {2904FF5E-D9D4-4A32-95E1-D4586B50B28F}
	EndGlobalSection
EndGlobal
